
Microsoft Visual Studio Solution File, Format Version 12.00
# Visual Studio Version 16
VisualStudioVersion = 16.0.29111.141
MinimumVisualStudioVersion = 10.0.40219.1
Project("{FAE04EC0-301F-11D3-BF4B-00C04F79EFBC}") = "BlazorMVVM", "BlazorMVVM\BlazorMVVM.csproj", "{5CBB7215-187D-49E1-ABE1-88D6D881F4C6}"
EndProject
Global
	GlobalSection(SolutionConfigurationPlatforms) = preSolution
		Debug|Any CPU = Debug|Any CPU
		Release|Any CPU = Release|Any CPU
	EndGlobalSection
	GlobalSection(ProjectConfigurationPlatforms) = postSolution
		{5CBB7215-187D-49E1-ABE1-88D6D881F4C6}.Debug|Any CPU.ActiveCfg = Debug|Any CPU
		{5CBB7215-187D-49E1-ABE1-88D6D881F4C6}.Debug|Any CPU.Build.0 = Debug|Any CPU
		{5CBB7215-187D-49E1-ABE1-88D6D881F4C6}.Release|Any CPU.ActiveCfg = Release|Any CPU
		{5CBB7215-187D-49E1-ABE1-88D6D881F4C6}.Release|Any CPU.Build.0 = Release|Any CPU
	EndGlobalSection
	GlobalSection(SolutionProperties) = preSolution
		HideSolutionNode = FALSE
	EndGlobalSection
	GlobalSection(ExtensibilityGlobals) = postSolution
		SolutionGuid = {AE1D8F24-AC8C-44D1-B928-82A1C7078495}
	EndGlobalSection
EndGlobal
